
Microsoft Visual Studio Solution File, Format Version 12.00
# Visual Studio 14
VisualStudioVersion = 14.0.25420.1
MinimumVisualStudioVersion = 10.0.40219.1
Project("{2150E333-8FDC-42A3-9474-1A3956D46DE8}") = "src", "src", "{A6BB62B9-D1D5-4A81-A65C-DD730EF14125}"
EndProject
Project("{2150E333-8FDC-42A3-9474-1A3956D46DE8}") = "Solution Items", "Solution Items", "{FD567D6B-2D92-4EB7-9B39-393A776B5AE1}"
	ProjectSection(SolutionItems) = preProject
		global.json = global.json
	EndProjectSection
EndProject
Project("{8BB2217D-0F2D-49D1-97BC-3654ED321F3B}") = "WebApplication1", "src\WebApplication1\WebApplication1.xproj", "{C14A3FA4-FAB3-46A1-90E2-F6D2187140EE}"
EndProject
Global
	GlobalSection(SolutionConfigurationPlatforms) = preSolution
		Debug|Any CPU = Debug|Any CPU
		Release|Any CPU = Release|Any CPU
	EndGlobalSection
	GlobalSection(ProjectConfigurationPlatforms) = postSolution
		{C14A3FA4-FAB3-46A1-90E2-F6D2187140EE}.Debug|Any CPU.ActiveCfg = Debug|Any CPU
		{C14A3FA4-FAB3-46A1-90E2-F6D2187140EE}.Debug|Any CPU.Build.0 = Debug|Any CPU
		{C14A3FA4-FAB3-46A1-90E2-F6D2187140EE}.Release|Any CPU.ActiveCfg = Release|Any CPU
		{C14A3FA4-FAB3-46A1-90E2-F6D2187140EE}.Release|Any CPU.Build.0 = Release|Any CPU
	EndGlobalSection
	GlobalSection(SolutionProperties) = preSolution
		HideSolutionNode = FALSE
	EndGlobalSection
	GlobalSection(NestedProjects) = preSolution
		{C14A3FA4-FAB3-46A1-90E2-F6D2187140EE} = {A6BB62B9-D1D5-4A81-A65C-DD730EF14125}
	EndGlobalSection
EndGlobal
